
Microsoft Visual Studio Solution File, Format Version 12.00
# Visual Studio Version 16
VisualStudioVersion = 16.0.32228.343
MinimumVisualStudioVersion = 10.0.40219.1
Project("{FAE04EC0-301F-11D3-BF4B-00C04F79EFBC}") = "Entidades", "..\Caretti.Nicolas.2A.TP1\Entidades\Entidades.csproj", "{94A1AFA4-F61A-4F6D-A9C4-4DAFAF29398B}"
EndProject
Project("{FAE04EC0-301F-11D3-BF4B-00C04F79EFBC}") = "MiCalculadora", "..\Caretti.Nicolas.2A.TP1\MiCalculadora\MiCalculadora.csproj", "{207673B7-BE69-4F41-A559-9FB09D6BA0B3}"
EndProject
Global
	GlobalSection(SolutionConfigurationPlatforms) = preSolution
		Debug|Any CPU = Debug|Any CPU
		Release|Any CPU = Release|Any CPU
	EndGlobalSection
	GlobalSection(ProjectConfigurationPlatforms) = postSolution
		{94A1AFA4-F61A-4F6D-A9C4-4DAFAF29398B}.Debug|Any CPU.ActiveCfg = Debug|Any CPU
		{94A1AFA4-F61A-4F6D-A9C4-4DAFAF29398B}.Debug|Any CPU.Build.0 = Debug|Any CPU
		{94A1AFA4-F61A-4F6D-A9C4-4DAFAF29398B}.Release|Any CPU.ActiveCfg = Release|Any CPU
		{94A1AFA4-F61A-4F6D-A9C4-4DAFAF29398B}.Release|Any CPU.Build.0 = Release|Any CPU
		{207673B7-BE69-4F41-A559-9FB09D6BA0B3}.Debug|Any CPU.ActiveCfg = Debug|Any CPU
		{207673B7-BE69-4F41-A559-9FB09D6BA0B3}.Debug|Any CPU.Build.0 = Debug|Any CPU
		{207673B7-BE69-4F41-A559-9FB09D6BA0B3}.Release|Any CPU.ActiveCfg = Release|Any CPU
		{207673B7-BE69-4F41-A559-9FB09D6BA0B3}.Release|Any CPU.Build.0 = Release|Any CPU
	EndGlobalSection
	GlobalSection(SolutionProperties) = preSolution
		HideSolutionNode = FALSE
	EndGlobalSection
	GlobalSection(ExtensibilityGlobals) = postSolution
		SolutionGuid = {2BCB82ED-6A9B-42E8-9919-9945DA26B1DC}
	EndGlobalSection
EndGlobal
